// !$*UTF8*$!
{
	archiveVersion = 1;
	classes = {
	};
	objectVersion = 53;
	objects = {

/* Begin PBXBuildFile section */
		1EB6E18B24DBDA7900AA3F93 /* AppDelegate.swift in Sources */ = {isa = PBXBuildFile; fileRef = 1EB6E18A24DBDA7900AA3F93 /* AppDelegate.swift */; };
		1EB6E18D24DBDA7900AA3F93 /* SceneDelegate.swift in Sources */ = {isa = PBXBuildFile; fileRef = 1EB6E18C24DBDA7900AA3F93 /* SceneDelegate.swift */; };
		1EB6E18F24DBDA7900AA3F93 /* ViewController.swift in Sources */ = {isa = PBXBuildFile; fileRef = 1EB6E18E24DBDA7900AA3F93 /* ViewController.swift */; };
		1EB6E19224DBDA7900AA3F93 /* Main.storyboard in Resources */ = {isa = PBXBuildFile; fileRef = 1EB6E19024DBDA7900AA3F93 /* Main.storyboard */; };
		1EB6E19424DBDA7C00AA3F93 /* Assets.xcassets in Resources */ = {isa = PBXBuildFile; fileRef = 1EB6E19324DBDA7C00AA3F93 /* Assets.xcassets */; };
		1EB6E19724DBDA7C00AA3F93 /* LaunchScreen.storyboard in Resources */ = {isa = PBXBuildFile; fileRef = 1EB6E19524DBDA7C00AA3F93 /* LaunchScreen.storyboard */; };
		1EB6E1A024DBE7B300AA3F93 /* ALLWaste 1.mlmodel in Sources */ = {isa = PBXBuildFile; fileRef = 1EB6E19F24DBE7B300AA3F93 /* ALLWaste 1.mlmodel */; };
/* End PBXBuildFile section */

/* Begin PBXFileReference section */
		1EB6E18724DBDA7900AA3F93 /* Spot the WASTE lite.app */ = {isa = PBXFileReference; explicitFileType = wrapper.application; includeInIndex = 0; path = "Spot the WASTE lite.app"; sourceTree = BUILT_PRODUCTS_DIR; };
		1EB6E18A24DBDA7900AA3F93 /* AppDelegate.swift */ = {isa = PBXFileReference; lastKnownFileType = sourcecode.swift; path = AppDelegate.swift; sourceTree = "<group>"; };
		1EB6E18C24DBDA7900AA3F93 /* SceneDelegate.swift */ = {isa = PBXFileReference; lastKnownFileType = sourcecode.swift; path = SceneDelegate.swift; sourceTree = "<group>"; };
		1EB6E18E24DBDA7900AA3F93 /* ViewController.swift */ = {isa = PBXFileReference; lastKnownFileType = sourcecode.swift; path = ViewController.swift; sourceTree = "<group>"; };
		1EB6E19124DBDA7900AA3F93 /* Base */ = {isa = PBXFileReference; lastKnownFileType = file.storyboard; name = Base; path = Base.lproj/Main.storyboard; sourceTree = "<group>"; };
		1EB6E19324DBDA7C00AA3F93 /* Assets.xcassets */ = {isa = PBXFileReference; lastKnownFileType = folder.assetcatalog; path = Assets.xcassets; sourceTree = "<group>"; };
		1EB6E19624DBDA7C00AA3F93 /* Base */ = {isa = PBXFileReference; lastKnownFileType = file.storyboard; name = Base; path = Base.lproj/LaunchScreen.storyboard; sourceTree = "<group>"; };
		1EB6E19824DBDA7C00AA3F93 /* Info.plist */ = {isa = PBXFileReference; lastKnownFileType = text.plist.xml; path = Info.plist; sourceTree = "<group>"; };
		1EB6E19E24DBDE8A00AA3F93 /* Spot the WASTE lite.entitlements */ = {isa = PBXFileReference; lastKnownFileType = text.plist.entitlements; path = "Spot the WASTE lite.entitlements"; sourceTree = "<group>"; };
		1EB6E19F24DBE7B300AA3F93 /* ALLWaste 1.mlmodel */ = {isa = PBXFileReference; lastKnownFileType = file.mlmodel; path = "ALLWaste 1.mlmodel"; sourceTree = "<group>"; };
/* End PBXFileReference section */

/* Begin PBXFrameworksBuildPhase section */
		1EB6E18424DBDA7900AA3F93 /* Frameworks */ = {
			isa = PBXFrameworksBuildPhase;
			buildActionMask = 2147483647;
			files = (
			);
			runOnlyForDeploymentPostprocessing = 0;
		};
/* End PBXFrameworksBuildPhase section */

/* Begin PBXGroup section */
		1EB6E17E24DBDA7900AA3F93 = {
			isa = PBXGroup;
			children = (
				1EB6E18924DBDA7900AA3F93 /* Spot the WASTE lite */,
				1EB6E18824DBDA7900AA3F93 /* Products */,
			);
			sourceTree = "<group>";
		};
		1EB6E18824DBDA7900AA3F93 /* Products */ = {
			isa = PBXGroup;
			children = (
				1EB6E18724DBDA7900AA3F93 /* Spot the WASTE lite.app */,
			);
			name = Products;
			sourceTree = "<group>";
		};
		1EB6E18924DBDA7900AA3F93 /* Spot the WASTE lite */ = {
			isa = PBXGroup;
			children = (
				1EB6E19E24DBDE8A00AA3F93 /* Spot the WASTE lite.entitlements */,
				1EB6E18A24DBDA7900AA3F93 /* AppDelegate.swift */,
				1EB6E18C24DBDA7900AA3F93 /* SceneDelegate.swift */,
				1EB6E18E24DBDA7900AA3F93 /* ViewController.swift */,
				1EB6E19024DBDA7900AA3F93 /* Main.storyboard */,
				1EB6E19324DBDA7C00AA3F93 /* Assets.xcassets */,
				1EB6E19524DBDA7C00AA3F93 /* LaunchScreen.storyboard */,
				1EB6E19F24DBE7B300AA3F93 /* ALLWaste 1.mlmodel */,
				1EB6E19824DBDA7C00AA3F93 /* Info.plist */,
			);
			path = "Spot the WASTE lite";
			sourceTree = "<group>";
		};
/* End PBXGroup section */

/* Begin PBXNativeTarget section */
		1EB6E18624DBDA7900AA3F93 /* Spot the WASTE lite */ = {
			isa = PBXNativeTarget;
			buildConfigurationList = 1EB6E19B24DBDA7C00AA3F93 /* Build configuration list for PBXNativeTarget "Spot the WASTE lite" */;
			buildPhases = (
				1EB6E18324DBDA7900AA3F93 /* Sources */,
				1EB6E18424DBDA7900AA3F93 /* Frameworks */,
				1EB6E18524DBDA7900AA3F93 /* Resources */,
			);
			buildRules = (
			);
			dependencies = (
			);
			name = "Spot the WASTE lite";
			productName = "Spot the WASTE lite";
			productReference = 1EB6E18724DBDA7900AA3F93 /* Spot the WASTE lite.app */;
			productType = "com.apple.product-type.application";
		};
/* End PBXNativeTarget section */

/* Begin PBXProject section */
		1EB6E17F24DBDA7900AA3F93 /* Project object */ = {
			isa = PBXProject;
			attributes = {
				LastSwiftUpdateCheck = 1150;
				LastUpgradeCheck = 1150;
				ORGANIZATIONNAME = "Captain Anubhav";
				TargetAttributes = {
					1EB6E18624DBDA7900AA3F93 = {
						CreatedOnToolsVersion = 11.5;
					};
				};
			};
			buildConfigurationList = 1EB6E18224DBDA7900AA3F93 /* Build configuration list for PBXProject "Spot the WASTE lite" */;
			compatibilityVersion = "Xcode 11.4";
			developmentRegion = en;
			hasScannedForEncodings = 0;
			knownRegions = (
				en,
				Base,
			);
			mainGroup = 1EB6E17E24DBDA7900AA3F93;
			productRefGroup = 1EB6E18824DBDA7900AA3F93 /* Products */;
			projectDirPath = "";
			projectRoot = "";
			targets = (
				1EB6E18624DBDA7900AA3F93 /* Spot the WASTE lite */,
			);
		};
/* End PBXProject section */

/* Begin PBXResourcesBuildPhase section */
		1EB6E18524DBDA7900AA3F93 /* Resources */ = {
			isa = PBXResourcesBuildPhase;
			buildActionMask = 2147483647;
			files = (
				1EB6E19724DBDA7C00AA3F93 /* LaunchScreen.storyboard in Resources */,
				1EB6E19424DBDA7C00AA3F93 /* Assets.xcassets in Resources */,
				1EB6E19224DBDA7900AA3F93 /* Main.storyboard in Resources */,
			);
			runOnlyForDeploymentPostprocessing = 0;
		};
/* End PBXResourcesBuildPhase section */

/* Begin PBXSourcesBuildPhase section */
		1EB6E18324DBDA7900AA3F93 /* Sources */ = {
			isa = PBXSourcesBuildPhase;
			buildActionMask = 2147483647;
			files = (
				1EB6E1A024DBE7B300AA3F93 /* ALLWaste 1.mlmodel in Sources */,
				1EB6E18F24DBDA7900AA3F93 /* ViewController.swift in Sources */,
				1EB6E18B24DBDA7900AA3F93 /* AppDelegate.swift in Sources */,
				1EB6E18D24DBDA7900AA3F93 /* SceneDelegate.swift in Sources */,
			);
			runOnlyForDeploymentPostprocessing = 0;
		};
/* End PBXSourcesBuildPhase section */

/* Begin PBXVariantGroup section */
		1EB6E19024DBDA7900AA3F93 /* Main.storyboard */ = {
			isa = PBXVariantGroup;
			children = (
				1EB6E19124DBDA7900AA3F93 /* Base */,
			);
			name = Main.storyboard;
			sourceTree = "<group>";
		};
		1EB6E19524DBDA7C00AA3F93 /* LaunchScreen.storyboard */ = {
			isa = PBXVariantGroup;
			children = (
				1EB6E19624DBDA7C00AA3F93 /* Base */,
			);
			name = LaunchScreen.storyboard;
			sourceTree = "<group>";
		};
/* End PBXVariantGroup section */

/* Begin XCBuildConfiguration section */
		1EB6E19924DBDA7C00AA3F93 /* Debug */ = {
			isa = XCBuildConfiguration;
			buildSettings = {
				ALWAYS_SEARCH_USER_PATHS = NO;
				CLANG_ANALYZER_NONNULL = YES;
				CLANG_ANALYZER_NUMBER_OBJECT_CONVERSION = YES_AGGRESSIVE;
				CLANG_CXX_LANGUAGE_STANDARD = "gnu++14";
				CLANG_CXX_LIBRARY = "libc++";
				CLANG_ENABLE_MODULES = YES;
				CLANG_ENABLE_OBJC_ARC = YES;
				CLANG_ENABLE_OBJC_WEAK = YES;
				CLANG_WARN_BLOCK_CAPTURE_AUTORELEASING = YES;
				CLANG_WARN_BOOL_CONVERSION = YES;
				CLANG_WARN_COMMA = YES;
				CLANG_WARN_CONSTANT_CONVERSION = YES;
				CLANG_WARN_DEPRECATED_OBJC_IMPLEMENTATIONS = YES;
				CLANG_WARN_DIRECT_OBJC_ISA_USAGE = YES_ERROR;
				CLANG_WARN_DOCUMENTATION_COMMENTS = YES;
				CLANG_WARN_EMPTY_BODY = YES;
				CLANG_WARN_ENUM_CONVERSION = YES;
				CLANG_WARN_INFINITE_RECURSION = YES;
				CLANG_WARN_INT_CONVERSION = YES;
				CLANG_WARN_NON_LITERAL_NULL_CONVERSION = YES;
				CLANG_WARN_OBJC_IMPLICIT_RETAIN_SELF = YES;
				CLANG_WARN_OBJC_LITERAL_CONVERSION = YES;
				CLANG_WARN_OBJC_ROOT_CLASS = YES_ERROR;
				CLANG_WARN_RANGE_LOOP_ANALYSIS = YES;
				CLANG_WARN_STRICT_PROTOTYPES = YES;
				CLANG_WARN_SUSPICIOUS_MOVE = YES;
				CLANG_WARN_UNGUARDED_AVAILABILITY = YES_AGGRESSIVE;
				CLANG_WARN_UNREACHABLE_CODE = YES;
				CLANG_WARN__DUPLICATE_METHOD_MATCH = YES;
				COPY_PHASE_STRIP = NO;
				DEBUG_INFORMATION_FORMAT = dwarf;
				ENABLE_STRICT_OBJC_MSGSEND = YES;
				ENABLE_TESTABILITY = YES;
				GCC_C_LANGUAGE_STANDARD = gnu11;
				GCC_DYNAMIC_NO_PIC = NO;
				GCC_NO_COMMON_BLOCKS = YES;
				GCC_OPTIMIZATION_LEVEL = 0;
				GCC_PREPROCESSOR_DEFINITIONS = (
					"DEBUG=1",
					"$(inherited)",
				);
				GCC_WARN_64_TO_32_BIT_CONVERSION = YES;
				GCC_WARN_ABOUT_RETURN_TYPE = YES_ERROR;
				GCC_WARN_UNDECLARED_SELECTOR = YES;
				GCC_WARN_UNINITIALIZED_AUTOS = YES_AGGRESSIVE;
				GCC_WARN_UNUSED_FUNCTION = YES;
				GCC_WARN_UNUSED_VARIABLE = YES;
				IPHONEOS_DEPLOYMENT_TARGET = 13.5;
				MTL_ENABLE_DEBUG_INFO = INCLUDE_SOURCE;
				MTL_FAST_MATH = YES;
				ONLY_ACTIVE_ARCH = YES;
				SDKROOT = iphoneos;
				SWIFT_ACTIVE_COMPILATION_CONDITIONS = DEBUG;
				SWIFT_OPTIMIZATION_LEVEL = "-Onone";
			};
			name = Debug;
		};
		1EB6E19A24DBDA7C00AA3F93 /* Release */ = {
			isa = XCBuildConfiguration;
			buildSettings = {
				ALWAYS_SEARCH_USER_PATHS = NO;
				CLANG_ANALYZER_NONNULL = YES;
				CLANG_ANALYZER_NUMBER_OBJECT_CONVERSION = YES_AGGRESSIVE;
				CLANG_CXX_LANGUAGE_STANDARD = "gnu++14";
				CLANG_CXX_LIBRARY = "libc++";
				CLANG_ENABLE_MODULES = YES;
				CLANG_ENABLE_OBJC_ARC = YES;
				CLANG_ENABLE_OBJC_WEAK = YES;
				CLANG_WARN_BLOCK_CAPTURE_AUTORELEASING = YES;
				CLANG_WARN_BOOL_CONVERSION = YES;
				CLANG_WARN_COMMA = YES;
				CLANG_WARN_CONSTANT_CONVERSION = YES;
				CLANG_WARN_DEPRECATED_OBJC_IMPLEMENTATIONS = YES;
				CLANG_WARN_DIRECT_OBJC_ISA_USAGE = YES_ERROR;
				CLANG_WARN_DOCUMENTATION_COMMENTS = YES;
				CLANG_WARN_EMPTY_BODY = YES;
				CLANG_WARN_ENUM_CONVERSION = YES;
				CLANG_WARN_INFINITE_RECURSION = YES;
				CLANG_WARN_INT_CONVERSION = YES;
				CLANG_WARN_NON_LITERAL_NULL_CONVERSION = YES;
				CLANG_WARN_OBJC_IMPLICIT_RETAIN_SELF = YES;
				CLANG_WARN_OBJC_LITERAL_CONVERSION = YES;
				CLANG_WARN_OBJC_ROOT_CLASS = YES_ERROR;
				CLANG_WARN_RANGE_LOOP_ANALYSIS = YES;
				CLANG_WARN_STRICT_PROTOTYPES = YES;
				CLANG_WARN_SUSPICIOUS_MOVE = YES;
				CLANG_WARN_UNGUARDED_AVAILABILITY = YES_AGGRESSIVE;
				CLANG_WARN_UNREACHABLE_CODE = YES;
				CLANG_WARN__DUPLICATE_METHOD_MATCH = YES;
				COPY_PHASE_STRIP = NO;
				DEBUG_INFORMATION_FORMAT = "dwarf-with-dsym";
				ENABLE_NS_ASSERTIONS = NO;
				ENABLE_STRICT_OBJC_MSGSEND = YES;
				GCC_C_LANGUAGE_STANDARD = gnu11;
				GCC_NO_COMMON_BLOCKS = YES;
				GCC_WARN_64_TO_32_BIT_CONVERSION = YES;
				GCC_WARN_ABOUT_RETURN_TYPE = YES_ERROR;
				GCC_WARN_UNDECLARED_SELECTOR = YES;
				GCC_WARN_UNINITIALIZED_AUTOS = YES_AGGRESSIVE;
				GCC_WARN_UNUSED_FUNCTION = YES;
				GCC_WARN_UNUSED_VARIABLE = YES;
				IPHONEOS_DEPLOYMENT_TARGET = 13.5;
				MTL_ENABLE_DEBUG_INFO = NO;
				MTL_FAST_MATH = YES;
				SDKROOT = iphoneos;
				SWIFT_COMPILATION_MODE = wholemodule;
				SWIFT_OPTIMIZATION_LEVEL = "-O";
				VALIDATE_PRODUCT = YES;
			};
			name = Release;
		};
		1EB6E19C24DBDA7C00AA3F93 /* Debug */ = {
			isa = XCBuildConfiguration;
			buildSettings = {
				ASSETCATALOG_COMPILER_APPICON_NAME = AppIcon;
				CODE_SIGN_ENTITLEMENTS = "Spot the WASTE lite/Spot the WASTE lite.entitlements";
				CODE_SIGN_STYLE = Automatic;
				DEVELOPMENT_TEAM = MV782KQLG2;
				INFOPLIST_FILE = "Spot the WASTE lite/Info.plist";
				LD_RUNPATH_SEARCH_PATHS = (
					"$(inherited)",
					"@executable_path/Frameworks",
				);
				PRODUCT_BUNDLE_IDENTIFIER = "Captain-Anubhv.Spot-the-WASTE-lite";
				PRODUCT_NAME = "$(TARGET_NAME)";
				SUPPORTS_MACCATALYST = NO;
				SWIFT_VERSION = 5.0;
				TARGETED_DEVICE_FAMILY = "1,2";
			};
			name = Debug;
		};
		1EB6E19D24DBDA7C00AA3F93 /* Release */ = {
			isa = XCBuildConfiguration;
			buildSettings = {
				ASSETCATALOG_COMPILER_APPICON_NAME = AppIcon;
				CODE_SIGN_ENTITLEMENTS = "Spot the WASTE lite/Spot the WASTE lite.entitlements";
				CODE_SIGN_STYLE = Automatic;
				DEVELOPMENT_TEAM = MV782KQLG2;
				INFOPLIST_FILE = "Spot the WASTE lite/Info.plist";
				LD_RUNPATH_SEARCH_PATHS = (
					"$(inherited)",
					"@executable_path/Frameworks",
				);
				PRODUCT_BUNDLE_IDENTIFIER = "Captain-Anubhv.Spot-the-WASTE-lite";
				PRODUCT_NAME = "$(TARGET_NAME)";
				SUPPORTS_MACCATALYST = NO;
				SWIFT_VERSION = 5.0;
				TARGETED_DEVICE_FAMILY = "1,2";
			};
			name = Release;
		};
/* End XCBuildConfiguration section */

/* Begin XCConfigurationList section */
		1EB6E18224DBDA7900AA3F93 /* Build configuration list for PBXProject "Spot the WASTE lite" */ = {
			isa = XCConfigurationList;
			buildConfigurations = (
				1EB6E19924DBDA7C00AA3F93 /* Debug */,
				1EB6E19A24DBDA7C00AA3F93 /* Release */,
			);
			defaultConfigurationIsVisible = 0;
			defaultConfigurationName = Release;
		};
		1EB6E19B24DBDA7C00AA3F93 /* Build configuration list for PBXNativeTarget "Spot the WASTE lite" */ = {
			isa = XCConfigurationList;
			buildConfigurations = (
				1EB6E19C24DBDA7C00AA3F93 /* Debug */,
				1EB6E19D24DBDA7C00AA3F93 /* Release */,
			);
			defaultConfigurationIsVisible = 0;
			defaultConfigurationName = Release;
		};
/* End XCConfigurationList section */
	};
	rootObject = 1EB6E17F24DBDA7900AA3F93 /* Project object */;
}
